
Microsoft Visual Studio Solution File, Format Version 12.00
# Visual Studio Version 16
VisualStudioVersion = 16.0.30517.126
MinimumVisualStudioVersion = 10.0.40219.1
Project("{FAE04EC0-301F-11D3-BF4B-00C04F79EFBC}") = "ClothesStore", "ClothesStore\ClothesStore.csproj", "{06AE2997-07B2-45F5-94EB-131E75997818}"
EndProject
Global
	GlobalSection(SolutionConfigurationPlatforms) = preSolution
		Debug|Any CPU = Debug|Any CPU
		Release|Any CPU = Release|Any CPU
	EndGlobalSection
	GlobalSection(ProjectConfigurationPlatforms) = postSolution
		{06AE2997-07B2-45F5-94EB-131E75997818}.Debug|Any CPU.ActiveCfg = Debug|Any CPU
		{06AE2997-07B2-45F5-94EB-131E75997818}.Debug|Any CPU.Build.0 = Debug|Any CPU
		{06AE2997-07B2-45F5-94EB-131E75997818}.Release|Any CPU.ActiveCfg = Release|Any CPU
		{06AE2997-07B2-45F5-94EB-131E75997818}.Release|Any CPU.Build.0 = Release|Any CPU
	EndGlobalSection
	GlobalSection(SolutionProperties) = preSolution
		HideSolutionNode = FALSE
	EndGlobalSection
	GlobalSection(ExtensibilityGlobals) = postSolution
		SolutionGuid = {3FA0EDD2-C986-4903-81C7-EB96FD8985C7}
	EndGlobalSection
EndGlobal
